// !$*UTF8*$!
{
	archiveVersion = 1;
	classes = {
	};
	objectVersion = 55;
	objects = {

/* Begin PBXBuildFile section */
		F610663A280B58BF004891DF /* TouchdownApp.swift in Sources */ = {isa = PBXBuildFile; fileRef = F6106639280B58BF004891DF /* TouchdownApp.swift */; };
		F610663C280B58BF004891DF /* ContentView.swift in Sources */ = {isa = PBXBuildFile; fileRef = F610663B280B58BF004891DF /* ContentView.swift */; };
		F610663E280B58C0004891DF /* Assets.xcassets in Resources */ = {isa = PBXBuildFile; fileRef = F610663D280B58C0004891DF /* Assets.xcassets */; };
		F6106641280B58C0004891DF /* Preview Assets.xcassets in Resources */ = {isa = PBXBuildFile; fileRef = F6106640280B58C0004891DF /* Preview Assets.xcassets */; };
		F610664C280B5936004891DF /* brand.json in Resources */ = {isa = PBXBuildFile; fileRef = F6106648280B5936004891DF /* brand.json */; };
		F610664D280B5936004891DF /* player.json in Resources */ = {isa = PBXBuildFile; fileRef = F6106649280B5936004891DF /* player.json */; };
		F610664E280B5936004891DF /* category.json in Resources */ = {isa = PBXBuildFile; fileRef = F610664A280B5936004891DF /* category.json */; };
		F610664F280B5936004891DF /* product.json in Resources */ = {isa = PBXBuildFile; fileRef = F610664B280B5936004891DF /* product.json */; };
		F6106659280B5B54004891DF /* Constant.swift in Sources */ = {isa = PBXBuildFile; fileRef = F6106658280B5B54004891DF /* Constant.swift */; };
		F610665B280B5BB9004891DF /* CodableBundleExtension.swift in Sources */ = {isa = PBXBuildFile; fileRef = F610665A280B5BB9004891DF /* CodableBundleExtension.swift */; };
		F610665D280B5BED004891DF /* FooterView.swift in Sources */ = {isa = PBXBuildFile; fileRef = F610665C280B5BED004891DF /* FooterView.swift */; };
		F610665F280BE5D9004891DF /* NavigationBarView.swift in Sources */ = {isa = PBXBuildFile; fileRef = F610665E280BE5D9004891DF /* NavigationBarView.swift */; };
		F6106661280BE719004891DF /* LogoView.swift in Sources */ = {isa = PBXBuildFile; fileRef = F6106660280BE719004891DF /* LogoView.swift */; };
		F6106666280BEBF6004891DF /* ProductModel.swift in Sources */ = {isa = PBXBuildFile; fileRef = F6106662280BEBF5004891DF /* ProductModel.swift */; };
		F6106667280BEBF6004891DF /* PlayerModel.swift in Sources */ = {isa = PBXBuildFile; fileRef = F6106663280BEBF5004891DF /* PlayerModel.swift */; };
		F6106668280BEBF6004891DF /* CategoryModel.swift in Sources */ = {isa = PBXBuildFile; fileRef = F6106664280BEBF5004891DF /* CategoryModel.swift */; };
		F6106669280BEBF6004891DF /* BrandModel.swift in Sources */ = {isa = PBXBuildFile; fileRef = F6106665280BEBF6004891DF /* BrandModel.swift */; };
		F610666C280BEC9D004891DF /* FeaturedItemView.swift in Sources */ = {isa = PBXBuildFile; fileRef = F610666B280BEC9D004891DF /* FeaturedItemView.swift */; };
		F610666E280BED84004891DF /* FeatureTabView.swift in Sources */ = {isa = PBXBuildFile; fileRef = F610666D280BED84004891DF /* FeatureTabView.swift */; };
		F6106670280BF0D8004891DF /* CategoryItemView.swift in Sources */ = {isa = PBXBuildFile; fileRef = F610666F280BF0D8004891DF /* CategoryItemView.swift */; };
		F6106672280BF3B7004891DF /* CategoryGridView.swift in Sources */ = {isa = PBXBuildFile; fileRef = F6106671280BF3B7004891DF /* CategoryGridView.swift */; };
		F6106674280BF5C8004891DF /* SectionView.swift in Sources */ = {isa = PBXBuildFile; fileRef = F6106673280BF5C8004891DF /* SectionView.swift */; };
		F65FD098280C205700BE6809 /* AddToCartDetailView.swift in Sources */ = {isa = PBXBuildFile; fileRef = F65FD097280C205700BE6809 /* AddToCartDetailView.swift */; };
		F65FD09A280C218800BE6809 /* Shop.swift in Sources */ = {isa = PBXBuildFile; fileRef = F65FD099280C218800BE6809 /* Shop.swift */; };
		F67E738B280BF90F00FA8861 /* TitleView.swift in Sources */ = {isa = PBXBuildFile; fileRef = F67E738A280BF90F00FA8861 /* TitleView.swift */; };
		F67E738D280BFAAE00FA8861 /* ProductItemView.swift in Sources */ = {isa = PBXBuildFile; fileRef = F67E738C280BFAAE00FA8861 /* ProductItemView.swift */; };
		F67E738F280C003F00FA8861 /* BrandItemView.swift in Sources */ = {isa = PBXBuildFile; fileRef = F67E738E280C003F00FA8861 /* BrandItemView.swift */; };
		F67E7391280C029000FA8861 /* BrandGridView.swift in Sources */ = {isa = PBXBuildFile; fileRef = F67E7390280C029000FA8861 /* BrandGridView.swift */; };
		F67E7393280C0AAD00FA8861 /* ProductDetailView.swift in Sources */ = {isa = PBXBuildFile; fileRef = F67E7392280C0AAD00FA8861 /* ProductDetailView.swift */; };
		F67E7395280C0E1200FA8861 /* NavigationBarDetailView.swift in Sources */ = {isa = PBXBuildFile; fileRef = F67E7394280C0E1200FA8861 /* NavigationBarDetailView.swift */; };
		F67E7397280C0F2400FA8861 /* HeaderDetailView.swift in Sources */ = {isa = PBXBuildFile; fileRef = F67E7396280C0F2400FA8861 /* HeaderDetailView.swift */; };
		F6B9E5A8280C11DC003DDC43 /* TopPartDetailView.swift in Sources */ = {isa = PBXBuildFile; fileRef = F6B9E5A7280C11DC003DDC43 /* TopPartDetailView.swift */; };
		F6B9E5AA280C15CF003DDC43 /* CustomShape.swift in Sources */ = {isa = PBXBuildFile; fileRef = F6B9E5A9280C15CF003DDC43 /* CustomShape.swift */; };
		F6B9E5AC280C17B1003DDC43 /* RatingSizesDetailView.swift in Sources */ = {isa = PBXBuildFile; fileRef = F6B9E5AB280C17B1003DDC43 /* RatingSizesDetailView.swift */; };
		F6B9E5B0280C1B7E003DDC43 /* QuantityFavouriteDetailView.swift in Sources */ = {isa = PBXBuildFile; fileRef = F6B9E5AF280C1B7E003DDC43 /* QuantityFavouriteDetailView.swift */; };
/* End PBXBuildFile section */

/* Begin PBXFileReference section */
		F6106636280B58BF004891DF /* Touchdown.app */ = {isa = PBXFileReference; explicitFileType = wrapper.application; includeInIndex = 0; path = Touchdown.app; sourceTree = BUILT_PRODUCTS_DIR; };
		F6106639280B58BF004891DF /* TouchdownApp.swift */ = {isa = PBXFileReference; lastKnownFileType = sourcecode.swift; path = TouchdownApp.swift; sourceTree = "<group>"; };
		F610663B280B58BF004891DF /* ContentView.swift */ = {isa = PBXFileReference; lastKnownFileType = sourcecode.swift; path = ContentView.swift; sourceTree = "<group>"; };
		F610663D280B58C0004891DF /* Assets.xcassets */ = {isa = PBXFileReference; lastKnownFileType = folder.assetcatalog; path = Assets.xcassets; sourceTree = "<group>"; };
		F6106640280B58C0004891DF /* Preview Assets.xcassets */ = {isa = PBXFileReference; lastKnownFileType = folder.assetcatalog; path = "Preview Assets.xcassets"; sourceTree = "<group>"; };
		F6106648280B5936004891DF /* brand.json */ = {isa = PBXFileReference; fileEncoding = 4; lastKnownFileType = text.json; path = brand.json; sourceTree = "<group>"; };
		F6106649280B5936004891DF /* player.json */ = {isa = PBXFileReference; fileEncoding = 4; lastKnownFileType = text.json; path = player.json; sourceTree = "<group>"; };
		F610664A280B5936004891DF /* category.json */ = {isa = PBXFileReference; fileEncoding = 4; lastKnownFileType = text.json; path = category.json; sourceTree = "<group>"; };
		F610664B280B5936004891DF /* product.json */ = {isa = PBXFileReference; fileEncoding = 4; lastKnownFileType = text.json; path = product.json; sourceTree = "<group>"; };
		F6106650280B5985004891DF /* Info.plist */ = {isa = PBXFileReference; lastKnownFileType = text.plist; path = Info.plist; sourceTree = "<group>"; };
		F6106658280B5B54004891DF /* Constant.swift */ = {isa = PBXFileReference; lastKnownFileType = sourcecode.swift; path = Constant.swift; sourceTree = "<group>"; };
		F610665A280B5BB9004891DF /* CodableBundleExtension.swift */ = {isa = PBXFileReference; lastKnownFileType = sourcecode.swift; path = CodableBundleExtension.swift; sourceTree = "<group>"; };
		F610665C280B5BED004891DF /* FooterView.swift */ = {isa = PBXFileReference; lastKnownFileType = sourcecode.swift; path = FooterView.swift; sourceTree = "<group>"; };
		F610665E280BE5D9004891DF /* NavigationBarView.swift */ = {isa = PBXFileReference; lastKnownFileType = sourcecode.swift; path = NavigationBarView.swift; sourceTree = "<group>"; };
		F6106660280BE719004891DF /* LogoView.swift */ = {isa = PBXFileReference; lastKnownFileType = sourcecode.swift; path = LogoView.swift; sourceTree = "<group>"; };
		F6106662280BEBF5004891DF /* ProductModel.swift */ = {isa = PBXFileReference; fileEncoding = 4; lastKnownFileType = sourcecode.swift; path = ProductModel.swift; sourceTree = "<group>"; };
		F6106663280BEBF5004891DF /* PlayerModel.swift */ = {isa = PBXFileReference; fileEncoding = 4; lastKnownFileType = sourcecode.swift; path = PlayerModel.swift; sourceTree = "<group>"; };
		F6106664280BEBF5004891DF /* CategoryModel.swift */ = {isa = PBXFileReference; fileEncoding = 4; lastKnownFileType = sourcecode.swift; path = CategoryModel.swift; sourceTree = "<group>"; };
		F6106665280BEBF6004891DF /* BrandModel.swift */ = {isa = PBXFileReference; fileEncoding = 4; lastKnownFileType = sourcecode.swift; path = BrandModel.swift; sourceTree = "<group>"; };
		F610666B280BEC9D004891DF /* FeaturedItemView.swift */ = {isa = PBXFileReference; lastKnownFileType = sourcecode.swift; path = FeaturedItemView.swift; sourceTree = "<group>"; };
		F610666D280BED84004891DF /* FeatureTabView.swift */ = {isa = PBXFileReference; lastKnownFileType = sourcecode.swift; path = FeatureTabView.swift; sourceTree = "<group>"; };
		F610666F280BF0D8004891DF /* CategoryItemView.swift */ = {isa = PBXFileReference; lastKnownFileType = sourcecode.swift; path = CategoryItemView.swift; sourceTree = "<group>"; };
		F6106671280BF3B7004891DF /* CategoryGridView.swift */ = {isa = PBXFileReference; lastKnownFileType = sourcecode.swift; path = CategoryGridView.swift; sourceTree = "<group>"; };
		F6106673280BF5C8004891DF /* SectionView.swift */ = {isa = PBXFileReference; lastKnownFileType = sourcecode.swift; path = SectionView.swift; sourceTree = "<group>"; };
		F65FD097280C205700BE6809 /* AddToCartDetailView.swift */ = {isa = PBXFileReference; lastKnownFileType = sourcecode.swift; path = AddToCartDetailView.swift; sourceTree = "<group>"; };
		F65FD099280C218800BE6809 /* Shop.swift */ = {isa = PBXFileReference; lastKnownFileType = sourcecode.swift; path = Shop.swift; sourceTree = "<group>"; };
		F67E738A280BF90F00FA8861 /* TitleView.swift */ = {isa = PBXFileReference; lastKnownFileType = sourcecode.swift; path = TitleView.swift; sourceTree = "<group>"; };
		F67E738C280BFAAE00FA8861 /* ProductItemView.swift */ = {isa = PBXFileReference; lastKnownFileType = sourcecode.swift; path = ProductItemView.swift; sourceTree = "<group>"; };
		F67E738E280C003F00FA8861 /* BrandItemView.swift */ = {isa = PBXFileReference; lastKnownFileType = sourcecode.swift; path = BrandItemView.swift; sourceTree = "<group>"; };
		F67E7390280C029000FA8861 /* BrandGridView.swift */ = {isa = PBXFileReference; lastKnownFileType = sourcecode.swift; path = BrandGridView.swift; sourceTree = "<group>"; };
		F67E7392280C0AAD00FA8861 /* ProductDetailView.swift */ = {isa = PBXFileReference; lastKnownFileType = sourcecode.swift; path = ProductDetailView.swift; sourceTree = "<group>"; };
		F67E7394280C0E1200FA8861 /* NavigationBarDetailView.swift */ = {isa = PBXFileReference; lastKnownFileType = sourcecode.swift; path = NavigationBarDetailView.swift; sourceTree = "<group>"; };
		F67E7396280C0F2400FA8861 /* HeaderDetailView.swift */ = {isa = PBXFileReference; lastKnownFileType = sourcecode.swift; path = HeaderDetailView.swift; sourceTree = "<group>"; };
		F6B9E5A7280C11DC003DDC43 /* TopPartDetailView.swift */ = {isa = PBXFileReference; lastKnownFileType = sourcecode.swift; path = TopPartDetailView.swift; sourceTree = "<group>"; };
		F6B9E5A9280C15CF003DDC43 /* CustomShape.swift */ = {isa = PBXFileReference; lastKnownFileType = sourcecode.swift; path = CustomShape.swift; sourceTree = "<group>"; };
		F6B9E5AB280C17B1003DDC43 /* RatingSizesDetailView.swift */ = {isa = PBXFileReference; lastKnownFileType = sourcecode.swift; path = RatingSizesDetailView.swift; sourceTree = "<group>"; };
		F6B9E5AF280C1B7E003DDC43 /* QuantityFavouriteDetailView.swift */ = {isa = PBXFileReference; lastKnownFileType = sourcecode.swift; path = QuantityFavouriteDetailView.swift; sourceTree = "<group>"; };
/* End PBXFileReference section */

/* Begin PBXFrameworksBuildPhase section */
		F6106633280B58BF004891DF /* Frameworks */ = {
			isa = PBXFrameworksBuildPhase;
			buildActionMask = 2147483647;
			files = (
			);
			runOnlyForDeploymentPostprocessing = 0;
		};
/* End PBXFrameworksBuildPhase section */

/* Begin PBXGroup section */
		F610662D280B58BF004891DF = {
			isa = PBXGroup;
			children = (
				F6106638280B58BF004891DF /* Touchdown */,
				F6106637280B58BF004891DF /* Products */,
			);
			sourceTree = "<group>";
		};
		F6106637280B58BF004891DF /* Products */ = {
			isa = PBXGroup;
			children = (
				F6106636280B58BF004891DF /* Touchdown.app */,
			);
			name = Products;
			sourceTree = "<group>";
		};
		F6106638280B58BF004891DF /* Touchdown */ = {
			isa = PBXGroup;
			children = (
				F6106656280B5B06004891DF /* App */,
				F6106651280B59E5004891DF /* View */,
				F6106654280B5ADF004891DF /* Utility */,
				F6106657280B5B2B004891DF /* Model */,
				F6106655280B5AEB004891DF /* Extension */,
				F6106650280B5985004891DF /* Info.plist */,
				F6106647280B5936004891DF /* Data */,
				F610663D280B58C0004891DF /* Assets.xcassets */,
				F610663F280B58C0004891DF /* Preview Content */,
			);
			path = Touchdown;
			sourceTree = "<group>";
		};
		F610663F280B58C0004891DF /* Preview Content */ = {
			isa = PBXGroup;
			children = (
				F6106640280B58C0004891DF /* Preview Assets.xcassets */,
			);
			path = "Preview Content";
			sourceTree = "<group>";
		};
		F6106647280B5936004891DF /* Data */ = {
			isa = PBXGroup;
			children = (
				F6106648280B5936004891DF /* brand.json */,
				F6106649280B5936004891DF /* player.json */,
				F610664A280B5936004891DF /* category.json */,
				F610664B280B5936004891DF /* product.json */,
			);
			path = Data;
			sourceTree = "<group>";
		};
		F6106651280B59E5004891DF /* View */ = {
			isa = PBXGroup;
			children = (
				F6106653280B5A71004891DF /* Detail */,
				F6106652280B59ED004891DF /* Home */,
			);
			path = View;
			sourceTree = "<group>";
		};
		F6106652280B59ED004891DF /* Home */ = {
			isa = PBXGroup;
			children = (
				F610665C280B5BED004891DF /* FooterView.swift */,
				F610665E280BE5D9004891DF /* NavigationBarView.swift */,
				F6106660280BE719004891DF /* LogoView.swift */,
				F610666B280BEC9D004891DF /* FeaturedItemView.swift */,
				F610666D280BED84004891DF /* FeatureTabView.swift */,
				F610666F280BF0D8004891DF /* CategoryItemView.swift */,
				F6106671280BF3B7004891DF /* CategoryGridView.swift */,
				F6106673280BF5C8004891DF /* SectionView.swift */,
				F67E738A280BF90F00FA8861 /* TitleView.swift */,
				F67E738C280BFAAE00FA8861 /* ProductItemView.swift */,
				F67E738E280C003F00FA8861 /* BrandItemView.swift */,
				F67E7390280C029000FA8861 /* BrandGridView.swift */,
			);
			path = Home;
			sourceTree = "<group>";
		};
		F6106653280B5A71004891DF /* Detail */ = {
			isa = PBXGroup;
			children = (
				F67E7394280C0E1200FA8861 /* NavigationBarDetailView.swift */,
				F67E7396280C0F2400FA8861 /* HeaderDetailView.swift */,
				F6B9E5A7280C11DC003DDC43 /* TopPartDetailView.swift */,
				F6B9E5AB280C17B1003DDC43 /* RatingSizesDetailView.swift */,
				F6B9E5AF280C1B7E003DDC43 /* QuantityFavouriteDetailView.swift */,
				F65FD097280C205700BE6809 /* AddToCartDetailView.swift */,
			);
			path = Detail;
			sourceTree = "<group>";
		};
		F6106654280B5ADF004891DF /* Utility */ = {
			isa = PBXGroup;
			children = (
				F6106658280B5B54004891DF /* Constant.swift */,
				F6B9E5A9280C15CF003DDC43 /* CustomShape.swift */,
				F65FD099280C218800BE6809 /* Shop.swift */,
			);
			path = Utility;
			sourceTree = "<group>";
		};
		F6106655280B5AEB004891DF /* Extension */ = {
			isa = PBXGroup;
			children = (
				F610665A280B5BB9004891DF /* CodableBundleExtension.swift */,
			);
			path = Extension;
			sourceTree = "<group>";
		};
		F6106656280B5B06004891DF /* App */ = {
			isa = PBXGroup;
			children = (
				F6106639280B58BF004891DF /* TouchdownApp.swift */,
				F610663B280B58BF004891DF /* ContentView.swift */,
				F67E7392280C0AAD00FA8861 /* ProductDetailView.swift */,
			);
			path = App;
			sourceTree = "<group>";
		};
		F6106657280B5B2B004891DF /* Model */ = {
			isa = PBXGroup;
			children = (
				F6106665280BEBF6004891DF /* BrandModel.swift */,
				F6106664280BEBF5004891DF /* CategoryModel.swift */,
				F6106663280BEBF5004891DF /* PlayerModel.swift */,
				F6106662280BEBF5004891DF /* ProductModel.swift */,
			);
			path = Model;
			sourceTree = "<group>";
		};
/* End PBXGroup section */

/* Begin PBXNativeTarget section */
		F6106635280B58BF004891DF /* Touchdown */ = {
			isa = PBXNativeTarget;
			buildConfigurationList = F6106644280B58C0004891DF /* Build configuration list for PBXNativeTarget "Touchdown" */;
			buildPhases = (
				F6106632280B58BF004891DF /* Sources */,
				F6106633280B58BF004891DF /* Frameworks */,
				F6106634280B58BF004891DF /* Resources */,
			);
			buildRules = (
			);
			dependencies = (
			);
			name = Touchdown;
			productName = Touchdown;
			productReference = F6106636280B58BF004891DF /* Touchdown.app */;
			productType = "com.apple.product-type.application";
		};
/* End PBXNativeTarget section */

/* Begin PBXProject section */
		F610662E280B58BF004891DF /* Project object */ = {
			isa = PBXProject;
			attributes = {
				BuildIndependentTargetsInParallel = 1;
				LastSwiftUpdateCheck = 1320;
				LastUpgradeCheck = 1320;
				TargetAttributes = {
					F6106635280B58BF004891DF = {
						CreatedOnToolsVersion = 13.2.1;
					};
				};
			};
			buildConfigurationList = F6106631280B58BF004891DF /* Build configuration list for PBXProject "Touchdown" */;
			compatibilityVersion = "Xcode 13.0";
			developmentRegion = en;
			hasScannedForEncodings = 0;
			knownRegions = (
				en,
				Base,
			);
			mainGroup = F610662D280B58BF004891DF;
			productRefGroup = F6106637280B58BF004891DF /* Products */;
			projectDirPath = "";
			projectRoot = "";
			targets = (
				F6106635280B58BF004891DF /* Touchdown */,
			);
		};
/* End PBXProject section */

/* Begin PBXResourcesBuildPhase section */
		F6106634280B58BF004891DF /* Resources */ = {
			isa = PBXResourcesBuildPhase;
			buildActionMask = 2147483647;
			files = (
				F610664D280B5936004891DF /* player.json in Resources */,
				F6106641280B58C0004891DF /* Preview Assets.xcassets in Resources */,
				F610664E280B5936004891DF /* category.json in Resources */,
				F610663E280B58C0004891DF /* Assets.xcassets in Resources */,
				F610664C280B5936004891DF /* brand.json in Resources */,
				F610664F280B5936004891DF /* product.json in Resources */,
			);
			runOnlyForDeploymentPostprocessing = 0;
		};
/* End PBXResourcesBuildPhase section */

/* Begin PBXSourcesBuildPhase section */
		F6106632280B58BF004891DF /* Sources */ = {
			isa = PBXSourcesBuildPhase;
			buildActionMask = 2147483647;
			files = (
				F610666E280BED84004891DF /* FeatureTabView.swift in Sources */,
				F67E7397280C0F2400FA8861 /* HeaderDetailView.swift in Sources */,
				F6B9E5A8280C11DC003DDC43 /* TopPartDetailView.swift in Sources */,
				F610665B280B5BB9004891DF /* CodableBundleExtension.swift in Sources */,
				F6B9E5B0280C1B7E003DDC43 /* QuantityFavouriteDetailView.swift in Sources */,
				F6106669280BEBF6004891DF /* BrandModel.swift in Sources */,
				F6106672280BF3B7004891DF /* CategoryGridView.swift in Sources */,
				F6106670280BF0D8004891DF /* CategoryItemView.swift in Sources */,
				F65FD098280C205700BE6809 /* AddToCartDetailView.swift in Sources */,
				F610663C280B58BF004891DF /* ContentView.swift in Sources */,
				F67E7391280C029000FA8861 /* BrandGridView.swift in Sources */,
				F610665F280BE5D9004891DF /* NavigationBarView.swift in Sources */,
				F67E7393280C0AAD00FA8861 /* ProductDetailView.swift in Sources */,
				F67E7395280C0E1200FA8861 /* NavigationBarDetailView.swift in Sources */,
				F6106668280BEBF6004891DF /* CategoryModel.swift in Sources */,
				F6106667280BEBF6004891DF /* PlayerModel.swift in Sources */,
				F67E738D280BFAAE00FA8861 /* ProductItemView.swift in Sources */,
				F610663A280B58BF004891DF /* TouchdownApp.swift in Sources */,
				F610666C280BEC9D004891DF /* FeaturedItemView.swift in Sources */,
				F67E738F280C003F00FA8861 /* BrandItemView.swift in Sources */,
				F6106661280BE719004891DF /* LogoView.swift in Sources */,
				F6B9E5AC280C17B1003DDC43 /* RatingSizesDetailView.swift in Sources */,
				F67E738B280BF90F00FA8861 /* TitleView.swift in Sources */,
				F6B9E5AA280C15CF003DDC43 /* CustomShape.swift in Sources */,
				F65FD09A280C218800BE6809 /* Shop.swift in Sources */,
				F6106674280BF5C8004891DF /* SectionView.swift in Sources */,
				F610665D280B5BED004891DF /* FooterView.swift in Sources */,
				F6106659280B5B54004891DF /* Constant.swift in Sources */,
				F6106666280BEBF6004891DF /* ProductModel.swift in Sources */,
			);
			runOnlyForDeploymentPostprocessing = 0;
		};
/* End PBXSourcesBuildPhase section */

/* Begin XCBuildConfiguration section */
		F6106642280B58C0004891DF /* Debug */ = {
			isa = XCBuildConfiguration;
			buildSettings = {
				ALWAYS_SEARCH_USER_PATHS = NO;
				CLANG_ANALYZER_NONNULL = YES;
				CLANG_ANALYZER_NUMBER_OBJECT_CONVERSION = YES_AGGRESSIVE;
				CLANG_CXX_LANGUAGE_STANDARD = "gnu++17";
				CLANG_CXX_LIBRARY = "libc++";
				CLANG_ENABLE_MODULES = YES;
				CLANG_ENABLE_OBJC_ARC = YES;
				CLANG_ENABLE_OBJC_WEAK = YES;
				CLANG_WARN_BLOCK_CAPTURE_AUTORELEASING = YES;
				CLANG_WARN_BOOL_CONVERSION = YES;
				CLANG_WARN_COMMA = YES;
				CLANG_WARN_CONSTANT_CONVERSION = YES;
				CLANG_WARN_DEPRECATED_OBJC_IMPLEMENTATIONS = YES;
				CLANG_WARN_DIRECT_OBJC_ISA_USAGE = YES_ERROR;
				CLANG_WARN_DOCUMENTATION_COMMENTS = YES;
				CLANG_WARN_EMPTY_BODY = YES;
				CLANG_WARN_ENUM_CONVERSION = YES;
				CLANG_WARN_INFINITE_RECURSION = YES;
				CLANG_WARN_INT_CONVERSION = YES;
				CLANG_WARN_NON_LITERAL_NULL_CONVERSION = YES;
				CLANG_WARN_OBJC_IMPLICIT_RETAIN_SELF = YES;
				CLANG_WARN_OBJC_LITERAL_CONVERSION = YES;
				CLANG_WARN_OBJC_ROOT_CLASS = YES_ERROR;
				CLANG_WARN_QUOTED_INCLUDE_IN_FRAMEWORK_HEADER = YES;
				CLANG_WARN_RANGE_LOOP_ANALYSIS = YES;
				CLANG_WARN_STRICT_PROTOTYPES = YES;
				CLANG_WARN_SUSPICIOUS_MOVE = YES;
				CLANG_WARN_UNGUARDED_AVAILABILITY = YES_AGGRESSIVE;
				CLANG_WARN_UNREACHABLE_CODE = YES;
				CLANG_WARN__DUPLICATE_METHOD_MATCH = YES;
				COPY_PHASE_STRIP = NO;
				DEBUG_INFORMATION_FORMAT = dwarf;
				ENABLE_STRICT_OBJC_MSGSEND = YES;
				ENABLE_TESTABILITY = YES;
				GCC_C_LANGUAGE_STANDARD = gnu11;
				GCC_DYNAMIC_NO_PIC = NO;
				GCC_NO_COMMON_BLOCKS = YES;
				GCC_OPTIMIZATION_LEVEL = 0;
				GCC_PREPROCESSOR_DEFINITIONS = (
					"DEBUG=1",
					"$(inherited)",
				);
				GCC_WARN_64_TO_32_BIT_CONVERSION = YES;
				GCC_WARN_ABOUT_RETURN_TYPE = YES_ERROR;
				GCC_WARN_UNDECLARED_SELECTOR = YES;
				GCC_WARN_UNINITIALIZED_AUTOS = YES_AGGRESSIVE;
				GCC_WARN_UNUSED_FUNCTION = YES;
				GCC_WARN_UNUSED_VARIABLE = YES;
				IPHONEOS_DEPLOYMENT_TARGET = 15.2;
				MTL_ENABLE_DEBUG_INFO = INCLUDE_SOURCE;
				MTL_FAST_MATH = YES;
				ONLY_ACTIVE_ARCH = YES;
				SDKROOT = iphoneos;
				SWIFT_ACTIVE_COMPILATION_CONDITIONS = DEBUG;
				SWIFT_OPTIMIZATION_LEVEL = "-Onone";
			};
			name = Debug;
		};
		F6106643280B58C0004891DF /* Release */ = {
			isa = XCBuildConfiguration;
			buildSettings = {
				ALWAYS_SEARCH_USER_PATHS = NO;
				CLANG_ANALYZER_NONNULL = YES;
				CLANG_ANALYZER_NUMBER_OBJECT_CONVERSION = YES_AGGRESSIVE;
				CLANG_CXX_LANGUAGE_STANDARD = "gnu++17";
				CLANG_CXX_LIBRARY = "libc++";
				CLANG_ENABLE_MODULES = YES;
				CLANG_ENABLE_OBJC_ARC = YES;
				CLANG_ENABLE_OBJC_WEAK = YES;
				CLANG_WARN_BLOCK_CAPTURE_AUTORELEASING = YES;
				CLANG_WARN_BOOL_CONVERSION = YES;
				CLANG_WARN_COMMA = YES;
				CLANG_WARN_CONSTANT_CONVERSION = YES;
				CLANG_WARN_DEPRECATED_OBJC_IMPLEMENTATIONS = YES;
				CLANG_WARN_DIRECT_OBJC_ISA_USAGE = YES_ERROR;
				CLANG_WARN_DOCUMENTATION_COMMENTS = YES;
				CLANG_WARN_EMPTY_BODY = YES;
				CLANG_WARN_ENUM_CONVERSION = YES;
				CLANG_WARN_INFINITE_RECURSION = YES;
				CLANG_WARN_INT_CONVERSION = YES;
				CLANG_WARN_NON_LITERAL_NULL_CONVERSION = YES;
				CLANG_WARN_OBJC_IMPLICIT_RETAIN_SELF = YES;
				CLANG_WARN_OBJC_LITERAL_CONVERSION = YES;
				CLANG_WARN_OBJC_ROOT_CLASS = YES_ERROR;
				CLANG_WARN_QUOTED_INCLUDE_IN_FRAMEWORK_HEADER = YES;
				CLANG_WARN_RANGE_LOOP_ANALYSIS = YES;
				CLANG_WARN_STRICT_PROTOTYPES = YES;
				CLANG_WARN_SUSPICIOUS_MOVE = YES;
				CLANG_WARN_UNGUARDED_AVAILABILITY = YES_AGGRESSIVE;
				CLANG_WARN_UNREACHABLE_CODE = YES;
				CLANG_WARN__DUPLICATE_METHOD_MATCH = YES;
				COPY_PHASE_STRIP = NO;
				DEBUG_INFORMATION_FORMAT = "dwarf-with-dsym";
				ENABLE_NS_ASSERTIONS = NO;
				ENABLE_STRICT_OBJC_MSGSEND = YES;
				GCC_C_LANGUAGE_STANDARD = gnu11;
				GCC_NO_COMMON_BLOCKS = YES;
				GCC_WARN_64_TO_32_BIT_CONVERSION = YES;
				GCC_WARN_ABOUT_RETURN_TYPE = YES_ERROR;
				GCC_WARN_UNDECLARED_SELECTOR = YES;
				GCC_WARN_UNINITIALIZED_AUTOS = YES_AGGRESSIVE;
				GCC_WARN_UNUSED_FUNCTION = YES;
				GCC_WARN_UNUSED_VARIABLE = YES;
				IPHONEOS_DEPLOYMENT_TARGET = 15.2;
				MTL_ENABLE_DEBUG_INFO = NO;
				MTL_FAST_MATH = YES;
				SDKROOT = iphoneos;
				SWIFT_COMPILATION_MODE = wholemodule;
				SWIFT_OPTIMIZATION_LEVEL = "-O";
				VALIDATE_PRODUCT = YES;
			};
			name = Release;
		};
		F6106645280B58C0004891DF /* Debug */ = {
			isa = XCBuildConfiguration;
			buildSettings = {
				ASSETCATALOG_COMPILER_APPICON_NAME = AppIcon;
				ASSETCATALOG_COMPILER_GLOBAL_ACCENT_COLOR_NAME = AccentColor;
				CODE_SIGN_STYLE = Automatic;
				CURRENT_PROJECT_VERSION = 1;
				DEVELOPMENT_ASSET_PATHS = "\"Touchdown/Preview Content\"";
				ENABLE_PREVIEWS = YES;
				GENERATE_INFOPLIST_FILE = YES;
				INFOPLIST_FILE = Touchdown/Info.plist;
				INFOPLIST_KEY_UIApplicationSceneManifest_Generation = YES;
				INFOPLIST_KEY_UIApplicationSupportsIndirectInputEvents = YES;
				INFOPLIST_KEY_UISupportedInterfaceOrientations = "";
				INFOPLIST_KEY_UISupportedInterfaceOrientations_iPad = "UIInterfaceOrientationPortrait UIInterfaceOrientationPortraitUpsideDown UIInterfaceOrientationLandscapeLeft UIInterfaceOrientationLandscapeRight";
				INFOPLIST_KEY_UISupportedInterfaceOrientations_iPhone = "UIInterfaceOrientationPortrait UIInterfaceOrientationLandscapeLeft UIInterfaceOrientationLandscapeRight";
				LD_RUNPATH_SEARCH_PATHS = (
					"$(inherited)",
					"@executable_path/Frameworks",
				);
				MARKETING_VERSION = 1.0;
				PRODUCT_BUNDLE_IDENTIFIER = metinatalay.Touchdown;
				PRODUCT_NAME = "$(TARGET_NAME)";
				SWIFT_EMIT_LOC_STRINGS = YES;
				SWIFT_VERSION = 5.0;
				TARGETED_DEVICE_FAMILY = "1,2";
			};
			name = Debug;
		};
		F6106646280B58C0004891DF /* Release */ = {
			isa = XCBuildConfiguration;
			buildSettings = {
				ASSETCATALOG_COMPILER_APPICON_NAME = AppIcon;
				ASSETCATALOG_COMPILER_GLOBAL_ACCENT_COLOR_NAME = AccentColor;
				CODE_SIGN_STYLE = Automatic;
				CURRENT_PROJECT_VERSION = 1;
				DEVELOPMENT_ASSET_PATHS = "\"Touchdown/Preview Content\"";
				ENABLE_PREVIEWS = YES;
				GENERATE_INFOPLIST_FILE = YES;
				INFOPLIST_FILE = Touchdown/Info.plist;
				INFOPLIST_KEY_UIApplicationSceneManifest_Generation = YES;
				INFOPLIST_KEY_UIApplicationSupportsIndirectInputEvents = YES;
				INFOPLIST_KEY_UISupportedInterfaceOrientations = "";
				INFOPLIST_KEY_UISupportedInterfaceOrientations_iPad = "UIInterfaceOrientationPortrait UIInterfaceOrientationPortraitUpsideDown UIInterfaceOrientationLandscapeLeft UIInterfaceOrientationLandscapeRight";
				INFOPLIST_KEY_UISupportedInterfaceOrientations_iPhone = "UIInterfaceOrientationPortrait UIInterfaceOrientationLandscapeLeft UIInterfaceOrientationLandscapeRight";
				LD_RUNPATH_SEARCH_PATHS = (
					"$(inherited)",
					"@executable_path/Frameworks",
				);
				MARKETING_VERSION = 1.0;
				PRODUCT_BUNDLE_IDENTIFIER = metinatalay.Touchdown;
				PRODUCT_NAME = "$(TARGET_NAME)";
				SWIFT_EMIT_LOC_STRINGS = YES;
				SWIFT_VERSION = 5.0;
				TARGETED_DEVICE_FAMILY = "1,2";
			};
			name = Release;
		};
/* End XCBuildConfiguration section */

/* Begin XCConfigurationList section */
		F6106631280B58BF004891DF /* Build configuration list for PBXProject "Touchdown" */ = {
			isa = XCConfigurationList;
			buildConfigurations = (
				F6106642280B58C0004891DF /* Debug */,
				F6106643280B58C0004891DF /* Release */,
			);
			defaultConfigurationIsVisible = 0;
			defaultConfigurationName = Release;
		};
		F6106644280B58C0004891DF /* Build configuration list for PBXNativeTarget "Touchdown" */ = {
			isa = XCConfigurationList;
			buildConfigurations = (
				F6106645280B58C0004891DF /* Debug */,
				F6106646280B58C0004891DF /* Release */,
			);
			defaultConfigurationIsVisible = 0;
			defaultConfigurationName = Release;
		};
/* End XCConfigurationList section */
	};
	rootObject = F610662E280B58BF004891DF /* Project object */;
}
